// !$*UTF8*$!
{
	archiveVersion = 1;
	classes = {
	};
	objectVersion = 48;
	objects = {

/* Begin PBXBuildFile section */
		3D8736862040EB7C00189B2E /* NodeViewControlers.swift in Sources */ = {isa = PBXBuildFile; fileRef = 3D8736852040EB7C00189B2E /* NodeViewControlers.swift */; };
		B2ABC44E2027D6F000A2BA5E /* AppDelegate.swift in Sources */ = {isa = PBXBuildFile; fileRef = B2ABC44D2027D6F000A2BA5E /* AppDelegate.swift */; };
		B2ABC4502027D6F000A2BA5E /* ViewController.swift in Sources */ = {isa = PBXBuildFile; fileRef = B2ABC44F2027D6F000A2BA5E /* ViewController.swift */; };
		B2ABC4532027D6F000A2BA5E /* Main.storyboard in Resources */ = {isa = PBXBuildFile; fileRef = B2ABC4512027D6F000A2BA5E /* Main.storyboard */; };
		B2ABC4552027D6F000A2BA5E /* Assets.xcassets in Resources */ = {isa = PBXBuildFile; fileRef = B2ABC4542027D6F000A2BA5E /* Assets.xcassets */; };
		B2ABC4582027D6F000A2BA5E /* LaunchScreen.storyboard in Resources */ = {isa = PBXBuildFile; fileRef = B2ABC4562027D6F000A2BA5E /* LaunchScreen.storyboard */; };
		B679FDE42029FA9B00C0C878 /* DBInterface.swift in Sources */ = {isa = PBXBuildFile; fileRef = B679FDE32029FA9B00C0C878 /* DBInterface.swift */; };
		B679FDE62029FAEE00C0C878 /* SManager.swift in Sources */ = {isa = PBXBuildFile; fileRef = B679FDE52029FAEE00C0C878 /* SManager.swift */; };
		B679FDFC202A2C4400C0C878 /* Pods_Main_Project.framework in Frameworks */ = {isa = PBXBuildFile; fileRef = B679FDFB202A2C4400C0C878 /* Pods_Main_Project.framework */; };
		B6DDF5D8202BB950000F0C3F /* MapViewController.swift in Sources */ = {isa = PBXBuildFile; fileRef = B6DDF5D7202BB950000F0C3F /* MapViewController.swift */; };
/* End PBXBuildFile section */

/* Begin PBXFileReference section */
		3D8736852040EB7C00189B2E /* NodeViewControlers.swift */ = {isa = PBXFileReference; lastKnownFileType = sourcecode.swift; path = NodeViewControlers.swift; sourceTree = "<group>"; };
		44436DE52DB9740996780085 /* Pods-Main_Project.debug.xcconfig */ = {isa = PBXFileReference; includeInIndex = 1; lastKnownFileType = text.xcconfig; name = "Pods-Main_Project.debug.xcconfig"; path = "Pods/Target Support Files/Pods-Main_Project/Pods-Main_Project.debug.xcconfig"; sourceTree = "<group>"; };
		B035FF8920E05C47855083E8 /* Pods-Main_Project.release.xcconfig */ = {isa = PBXFileReference; includeInIndex = 1; lastKnownFileType = text.xcconfig; name = "Pods-Main_Project.release.xcconfig"; path = "Pods/Target Support Files/Pods-Main_Project/Pods-Main_Project.release.xcconfig"; sourceTree = "<group>"; };
		B2ABC44A2027D6F000A2BA5E /* Main_Project.app */ = {isa = PBXFileReference; explicitFileType = wrapper.application; includeInIndex = 0; path = Main_Project.app; sourceTree = BUILT_PRODUCTS_DIR; };
		B2ABC44D2027D6F000A2BA5E /* AppDelegate.swift */ = {isa = PBXFileReference; lastKnownFileType = sourcecode.swift; path = AppDelegate.swift; sourceTree = "<group>"; };
		B2ABC44F2027D6F000A2BA5E /* ViewController.swift */ = {isa = PBXFileReference; lastKnownFileType = sourcecode.swift; path = ViewController.swift; sourceTree = "<group>"; };
		B2ABC4522027D6F000A2BA5E /* Base */ = {isa = PBXFileReference; lastKnownFileType = file.storyboard; name = Base; path = Base.lproj/Main.storyboard; sourceTree = "<group>"; };
		B2ABC4542027D6F000A2BA5E /* Assets.xcassets */ = {isa = PBXFileReference; lastKnownFileType = folder.assetcatalog; path = Assets.xcassets; sourceTree = "<group>"; };
		B2ABC4572027D6F000A2BA5E /* Base */ = {isa = PBXFileReference; lastKnownFileType = file.storyboard; name = Base; path = Base.lproj/LaunchScreen.storyboard; sourceTree = "<group>"; };
		B2ABC4592027D6F000A2BA5E /* Info.plist */ = {isa = PBXFileReference; lastKnownFileType = text.plist.xml; path = Info.plist; sourceTree = "<group>"; };
		B679FDE32029FA9B00C0C878 /* DBInterface.swift */ = {isa = PBXFileReference; lastKnownFileType = sourcecode.swift; path = DBInterface.swift; sourceTree = "<group>"; };
		B679FDE52029FAEE00C0C878 /* SManager.swift */ = {isa = PBXFileReference; lastKnownFileType = sourcecode.swift; path = SManager.swift; sourceTree = "<group>"; };
		B679FDFB202A2C4400C0C878 /* Pods_Main_Project.framework */ = {isa = PBXFileReference; lastKnownFileType = wrapper.framework; path = Pods_Main_Project.framework; sourceTree = "<group>"; };
		B6DDF5D7202BB950000F0C3F /* MapViewController.swift */ = {isa = PBXFileReference; lastKnownFileType = sourcecode.swift; path = MapViewController.swift; sourceTree = "<group>"; };
/* End PBXFileReference section */

/* Begin PBXFrameworksBuildPhase section */
		B2ABC4472027D6F000A2BA5E /* Frameworks */ = {
			isa = PBXFrameworksBuildPhase;
			buildActionMask = 2147483647;
			files = (
				B679FDFC202A2C4400C0C878 /* Pods_Main_Project.framework in Frameworks */,
			);
			runOnlyForDeploymentPostprocessing = 0;
		};
/* End PBXFrameworksBuildPhase section */

/* Begin PBXGroup section */
		515B0188987765948AB14D43 /* Frameworks */ = {
			isa = PBXGroup;
			children = (
				B679FDFB202A2C4400C0C878 /* Pods_Main_Project.framework */,
			);
			name = Frameworks;
			sourceTree = "<group>";
		};
		B2ABC4412027D6F000A2BA5E = {
			isa = PBXGroup;
			children = (
				B2ABC44C2027D6F000A2BA5E /* Main_Project */,
				B2ABC44B2027D6F000A2BA5E /* Products */,
				F84287A8AB2E056F34644D46 /* Pods */,
				515B0188987765948AB14D43 /* Frameworks */,
			);
			sourceTree = "<group>";
		};
		B2ABC44B2027D6F000A2BA5E /* Products */ = {
			isa = PBXGroup;
			children = (
				B2ABC44A2027D6F000A2BA5E /* Main_Project.app */,
			);
			name = Products;
			sourceTree = "<group>";
		};
		B2ABC44C2027D6F000A2BA5E /* Main_Project */ = {
			isa = PBXGroup;
			children = (
				B2ABC4592027D6F000A2BA5E /* Info.plist */,
				B679FDE22029FA2B00C0C878 /* Controller */,
				B679FDE12029FA2500C0C878 /* Model */,
				B679FDE02029FA1B00C0C878 /* View */,
			);
			path = Main_Project;
			sourceTree = "<group>";
		};
		B679FDE02029FA1B00C0C878 /* View */ = {
			isa = PBXGroup;
			children = (
				B2ABC4542027D6F000A2BA5E /* Assets.xcassets */,
				B2ABC4512027D6F000A2BA5E /* Main.storyboard */,
				B2ABC4562027D6F000A2BA5E /* LaunchScreen.storyboard */,
			);
			path = View;
			sourceTree = "<group>";
		};
		B679FDE12029FA2500C0C878 /* Model */ = {
			isa = PBXGroup;
			children = (
				B679FDE32029FA9B00C0C878 /* DBInterface.swift */,
				B679FDE52029FAEE00C0C878 /* SManager.swift */,
			);
			path = Model;
			sourceTree = "<group>";
		};
		B679FDE22029FA2B00C0C878 /* Controller */ = {
			isa = PBXGroup;
			children = (
				B2ABC44D2027D6F000A2BA5E /* AppDelegate.swift */,
				B2ABC44F2027D6F000A2BA5E /* ViewController.swift */,
				B6DDF5D7202BB950000F0C3F /* MapViewController.swift */,
				3D8736852040EB7C00189B2E /* NodeViewControlers.swift */,
			);
			path = Controller;
			sourceTree = "<group>";
		};
		F84287A8AB2E056F34644D46 /* Pods */ = {
			isa = PBXGroup;
			children = (
				44436DE52DB9740996780085 /* Pods-Main_Project.debug.xcconfig */,
				B035FF8920E05C47855083E8 /* Pods-Main_Project.release.xcconfig */,
			);
			name = Pods;
			sourceTree = "<group>";
		};
/* End PBXGroup section */

/* Begin PBXNativeTarget section */
		B2ABC4492027D6F000A2BA5E /* Main_Project */ = {
			isa = PBXNativeTarget;
			buildConfigurationList = B2ABC45C2027D6F000A2BA5E /* Build configuration list for PBXNativeTarget "Main_Project" */;
			buildPhases = (
				ABB7FF53522D12FBAF4A7CFE /* [CP] Check Pods Manifest.lock */,
				B2ABC4462027D6F000A2BA5E /* Sources */,
				B2ABC4472027D6F000A2BA5E /* Frameworks */,
				B2ABC4482027D6F000A2BA5E /* Resources */,
				CBDD033460F2D43E97ADBF58 /* [CP] Embed Pods Frameworks */,
				A66C39E6CFEC171D44172DA2 /* [CP] Copy Pods Resources */,
			);
			buildRules = (
			);
			dependencies = (
			);
			name = Main_Project;
			productName = Main_Project;
			productReference = B2ABC44A2027D6F000A2BA5E /* Main_Project.app */;
			productType = "com.apple.product-type.application";
		};
/* End PBXNativeTarget section */

/* Begin PBXProject section */
		B2ABC4422027D6F000A2BA5E /* Project object */ = {
			isa = PBXProject;
			attributes = {
				LastSwiftUpdateCheck = 0920;
				LastUpgradeCheck = 0920;
				ORGANIZATIONNAME = QUESTIONEERING;
				TargetAttributes = {
					B2ABC4492027D6F000A2BA5E = {
						CreatedOnToolsVersion = 9.2;
						LastSwiftMigration = 0920;
						ProvisioningStyle = Automatic;
					};
				};
			};
			buildConfigurationList = B2ABC4452027D6F000A2BA5E /* Build configuration list for PBXProject "Main_Project" */;
			compatibilityVersion = "Xcode 8.0";
			developmentRegion = en;
			hasScannedForEncodings = 0;
			knownRegions = (
				en,
				Base,
			);
			mainGroup = B2ABC4412027D6F000A2BA5E;
			productRefGroup = B2ABC44B2027D6F000A2BA5E /* Products */;
			projectDirPath = "";
			projectRoot = "";
			targets = (
				B2ABC4492027D6F000A2BA5E /* Main_Project */,
			);
		};
/* End PBXProject section */

/* Begin PBXResourcesBuildPhase section */
		B2ABC4482027D6F000A2BA5E /* Resources */ = {
			isa = PBXResourcesBuildPhase;
			buildActionMask = 2147483647;
			files = (
				B2ABC4582027D6F000A2BA5E /* LaunchScreen.storyboard in Resources */,
				B2ABC4552027D6F000A2BA5E /* Assets.xcassets in Resources */,
				B2ABC4532027D6F000A2BA5E /* Main.storyboard in Resources */,
			);
			runOnlyForDeploymentPostprocessing = 0;
		};
/* End PBXResourcesBuildPhase section */

/* Begin PBXShellScriptBuildPhase section */
		A66C39E6CFEC171D44172DA2 /* [CP] Copy Pods Resources */ = {
			isa = PBXShellScriptBuildPhase;
			buildActionMask = 2147483647;
			files = (
			);
			inputPaths = (
			);
			name = "[CP] Copy Pods Resources";
			outputPaths = (
			);
			runOnlyForDeploymentPostprocessing = 0;
			shellPath = /bin/sh;
			shellScript = "\"${SRCROOT}/Pods/Target Support Files/Pods-Main_Project/Pods-Main_Project-resources.sh\"\n";
			showEnvVarsInLog = 0;
		};
		ABB7FF53522D12FBAF4A7CFE /* [CP] Check Pods Manifest.lock */ = {
			isa = PBXShellScriptBuildPhase;
			buildActionMask = 2147483647;
			files = (
			);
			inputPaths = (
				"${PODS_PODFILE_DIR_PATH}/Podfile.lock",
				"${PODS_ROOT}/Manifest.lock",
			);
			name = "[CP] Check Pods Manifest.lock";
			outputPaths = (
				"$(DERIVED_FILE_DIR)/Pods-Main_Project-checkManifestLockResult.txt",
			);
			runOnlyForDeploymentPostprocessing = 0;
			shellPath = /bin/sh;
			shellScript = "diff \"${PODS_PODFILE_DIR_PATH}/Podfile.lock\" \"${PODS_ROOT}/Manifest.lock\" > /dev/null\nif [ $? != 0 ] ; then\n    # print error to STDERR\n    echo \"error: The sandbox is not in sync with the Podfile.lock. Run 'pod install' or update your CocoaPods installation.\" >&2\n    exit 1\nfi\n# This output is used by Xcode 'outputs' to avoid re-running this script phase.\necho \"SUCCESS\" > \"${SCRIPT_OUTPUT_FILE_0}\"\n";
			showEnvVarsInLog = 0;
		};
		CBDD033460F2D43E97ADBF58 /* [CP] Embed Pods Frameworks */ = {
			isa = PBXShellScriptBuildPhase;
			buildActionMask = 2147483647;
			files = (
			);
			inputPaths = (
				"${SRCROOT}/Pods/Target Support Files/Pods-Main_Project/Pods-Main_Project-frameworks.sh",
				"${BUILT_PRODUCTS_DIR}/BlueSSLService/SSLService.framework",
				"${BUILT_PRODUCTS_DIR}/BlueSocket/Socket.framework",
				"${BUILT_PRODUCTS_DIR}/BoltProtocol/Bolt.framework",
				"${BUILT_PRODUCTS_DIR}/PackStream/PackStream.framework",
				"${BUILT_PRODUCTS_DIR}/Result/Result.framework",
				"${BUILT_PRODUCTS_DIR}/Theo/Theo.framework",
			);
			name = "[CP] Embed Pods Frameworks";
			outputPaths = (
				"${TARGET_BUILD_DIR}/${FRAMEWORKS_FOLDER_PATH}/SSLService.framework",
				"${TARGET_BUILD_DIR}/${FRAMEWORKS_FOLDER_PATH}/Socket.framework",
				"${TARGET_BUILD_DIR}/${FRAMEWORKS_FOLDER_PATH}/Bolt.framework",
				"${TARGET_BUILD_DIR}/${FRAMEWORKS_FOLDER_PATH}/PackStream.framework",
				"${TARGET_BUILD_DIR}/${FRAMEWORKS_FOLDER_PATH}/Result.framework",
				"${TARGET_BUILD_DIR}/${FRAMEWORKS_FOLDER_PATH}/Theo.framework",
			);
			runOnlyForDeploymentPostprocessing = 0;
			shellPath = /bin/sh;
			shellScript = "\"${SRCROOT}/Pods/Target Support Files/Pods-Main_Project/Pods-Main_Project-frameworks.sh\"\n";
			showEnvVarsInLog = 0;
		};
/* End PBXShellScriptBuildPhase section */

/* Begin PBXSourcesBuildPhase section */
		B2ABC4462027D6F000A2BA5E /* Sources */ = {
			isa = PBXSourcesBuildPhase;
			buildActionMask = 2147483647;
			files = (
				B2ABC4502027D6F000A2BA5E /* ViewController.swift in Sources */,
				3D8736862040EB7C00189B2E /* NodeViewControlers.swift in Sources */,
				B2ABC44E2027D6F000A2BA5E /* AppDelegate.swift in Sources */,
				B6DDF5D8202BB950000F0C3F /* MapViewController.swift in Sources */,
				B679FDE42029FA9B00C0C878 /* DBInterface.swift in Sources */,
				B679FDE62029FAEE00C0C878 /* SManager.swift in Sources */,
			);
			runOnlyForDeploymentPostprocessing = 0;
		};
/* End PBXSourcesBuildPhase section */

/* Begin PBXVariantGroup section */
		B2ABC4512027D6F000A2BA5E /* Main.storyboard */ = {
			isa = PBXVariantGroup;
			children = (
				B2ABC4522027D6F000A2BA5E /* Base */,
			);
			name = Main.storyboard;
			sourceTree = "<group>";
		};
		B2ABC4562027D6F000A2BA5E /* LaunchScreen.storyboard */ = {
			isa = PBXVariantGroup;
			children = (
				B2ABC4572027D6F000A2BA5E /* Base */,
			);
			name = LaunchScreen.storyboard;
			sourceTree = "<group>";
		};
/* End PBXVariantGroup section */

/* Begin XCBuildConfiguration section */
		B2ABC45A2027D6F000A2BA5E /* Debug */ = {
			isa = XCBuildConfiguration;
			buildSettings = {
				ALWAYS_SEARCH_USER_PATHS = NO;
				CLANG_ANALYZER_NONNULL = YES;
				CLANG_ANALYZER_NUMBER_OBJECT_CONVERSION = YES_AGGRESSIVE;
				CLANG_CXX_LANGUAGE_STANDARD = "gnu++14";
				CLANG_CXX_LIBRARY = "libc++";
				CLANG_ENABLE_MODULES = YES;
				CLANG_ENABLE_OBJC_ARC = YES;
				CLANG_WARN_BLOCK_CAPTURE_AUTORELEASING = YES;
				CLANG_WARN_BOOL_CONVERSION = YES;
				CLANG_WARN_COMMA = YES;
				CLANG_WARN_CONSTANT_CONVERSION = YES;
				CLANG_WARN_DIRECT_OBJC_ISA_USAGE = YES_ERROR;
				CLANG_WARN_DOCUMENTATION_COMMENTS = YES;
				CLANG_WARN_EMPTY_BODY = YES;
				CLANG_WARN_ENUM_CONVERSION = YES;
				CLANG_WARN_INFINITE_RECURSION = YES;
				CLANG_WARN_INT_CONVERSION = YES;
				CLANG_WARN_NON_LITERAL_NULL_CONVERSION = YES;
				CLANG_WARN_OBJC_LITERAL_CONVERSION = YES;
				CLANG_WARN_OBJC_ROOT_CLASS = YES_ERROR;
				CLANG_WARN_RANGE_LOOP_ANALYSIS = YES;
				CLANG_WARN_STRICT_PROTOTYPES = YES;
				CLANG_WARN_SUSPICIOUS_MOVE = YES;
				CLANG_WARN_UNGUARDED_AVAILABILITY = YES_AGGRESSIVE;
				CLANG_WARN_UNREACHABLE_CODE = YES;
				CLANG_WARN__DUPLICATE_METHOD_MATCH = YES;
				CODE_SIGN_IDENTITY = "iPhone Developer";
				COPY_PHASE_STRIP = NO;
				DEBUG_INFORMATION_FORMAT = dwarf;
				ENABLE_STRICT_OBJC_MSGSEND = YES;
				ENABLE_TESTABILITY = YES;
				GCC_C_LANGUAGE_STANDARD = gnu11;
				GCC_DYNAMIC_NO_PIC = NO;
				GCC_NO_COMMON_BLOCKS = YES;
				GCC_OPTIMIZATION_LEVEL = 0;
				GCC_PREPROCESSOR_DEFINITIONS = (
					"DEBUG=1",
					"$(inherited)",
				);
				GCC_WARN_64_TO_32_BIT_CONVERSION = YES;
				GCC_WARN_ABOUT_RETURN_TYPE = YES_ERROR;
				GCC_WARN_UNDECLARED_SELECTOR = YES;
				GCC_WARN_UNINITIALIZED_AUTOS = YES_AGGRESSIVE;
				GCC_WARN_UNUSED_FUNCTION = YES;
				GCC_WARN_UNUSED_VARIABLE = YES;
				IPHONEOS_DEPLOYMENT_TARGET = 11.2;
				MTL_ENABLE_DEBUG_INFO = YES;
				ONLY_ACTIVE_ARCH = YES;
				SDKROOT = iphoneos;
				SWIFT_ACTIVE_COMPILATION_CONDITIONS = DEBUG;
				SWIFT_OPTIMIZATION_LEVEL = "-Onone";
			};
			name = Debug;
		};
		B2ABC45B2027D6F000A2BA5E /* Release */ = {
			isa = XCBuildConfiguration;
			buildSettings = {
				ALWAYS_SEARCH_USER_PATHS = NO;
				CLANG_ANALYZER_NONNULL = YES;
				CLANG_ANALYZER_NUMBER_OBJECT_CONVERSION = YES_AGGRESSIVE;
				CLANG_CXX_LANGUAGE_STANDARD = "gnu++14";
				CLANG_CXX_LIBRARY = "libc++";
				CLANG_ENABLE_MODULES = YES;
				CLANG_ENABLE_OBJC_ARC = YES;
				CLANG_WARN_BLOCK_CAPTURE_AUTORELEASING = YES;
				CLANG_WARN_BOOL_CONVERSION = YES;
				CLANG_WARN_COMMA = YES;
				CLANG_WARN_CONSTANT_CONVERSION = YES;
				CLANG_WARN_DIRECT_OBJC_ISA_USAGE = YES_ERROR;
				CLANG_WARN_DOCUMENTATION_COMMENTS = YES;
				CLANG_WARN_EMPTY_BODY = YES;
				CLANG_WARN_ENUM_CONVERSION = YES;
				CLANG_WARN_INFINITE_RECURSION = YES;
				CLANG_WARN_INT_CONVERSION = YES;
				CLANG_WARN_NON_LITERAL_NULL_CONVERSION = YES;
				CLANG_WARN_OBJC_LITERAL_CONVERSION = YES;
				CLANG_WARN_OBJC_ROOT_CLASS = YES_ERROR;
				CLANG_WARN_RANGE_LOOP_ANALYSIS = YES;
				CLANG_WARN_STRICT_PROTOTYPES = YES;
				CLANG_WARN_SUSPICIOUS_MOVE = YES;
				CLANG_WARN_UNGUARDED_AVAILABILITY = YES_AGGRESSIVE;
				CLANG_WARN_UNREACHABLE_CODE = YES;
				CLANG_WARN__DUPLICATE_METHOD_MATCH = YES;
				CODE_SIGN_IDENTITY = "iPhone Developer";
				COPY_PHASE_STRIP = NO;
				DEBUG_INFORMATION_FORMAT = "dwarf-with-dsym";
				ENABLE_NS_ASSERTIONS = NO;
				ENABLE_STRICT_OBJC_MSGSEND = YES;
				GCC_C_LANGUAGE_STANDARD = gnu11;
				GCC_NO_COMMON_BLOCKS = YES;
				GCC_WARN_64_TO_32_BIT_CONVERSION = YES;
				GCC_WARN_ABOUT_RETURN_TYPE = YES_ERROR;
				GCC_WARN_UNDECLARED_SELECTOR = YES;
				GCC_WARN_UNINITIALIZED_AUTOS = YES_AGGRESSIVE;
				GCC_WARN_UNUSED_FUNCTION = YES;
				GCC_WARN_UNUSED_VARIABLE = YES;
				IPHONEOS_DEPLOYMENT_TARGET = 11.2;
				MTL_ENABLE_DEBUG_INFO = NO;
				SDKROOT = iphoneos;
				SWIFT_OPTIMIZATION_LEVEL = "-Owholemodule";
				VALIDATE_PRODUCT = YES;
			};
			name = Release;
		};
		B2ABC45D2027D6F000A2BA5E /* Debug */ = {
			isa = XCBuildConfiguration;
			baseConfigurationReference = 44436DE52DB9740996780085 /* Pods-Main_Project.debug.xcconfig */;
			buildSettings = {
				ASSETCATALOG_COMPILER_APPICON_NAME = AppIcon;
				CLANG_ENABLE_MODULES = YES;
				CODE_SIGN_STYLE = Automatic;
				DEVELOPMENT_TEAM = GWQ66CV52L;
				FRAMEWORK_SEARCH_PATHS = (
					"$(inherited)",
					"$(PROJECT_DIR)",
				);
				INFOPLIST_FILE = Main_Project/Info.plist;
				IPHONEOS_DEPLOYMENT_TARGET = 10.0;
				LD_RUNPATH_SEARCH_PATHS = "$(inherited) @executable_path/Frameworks";
				PRODUCT_BUNDLE_IDENTIFIER = com.fischwil.Qdemo1;
				PRODUCT_NAME = "$(TARGET_NAME)";
				SWIFT_OBJC_BRIDGING_HEADER = "Main_Project/Controller/Main_Project-Bridging-Header.h";
				SWIFT_OPTIMIZATION_LEVEL = "-Onone";
				SWIFT_VERSION = 4.0;
				TARGETED_DEVICE_FAMILY = 2;
			};
			name = Debug;
		};
		B2ABC45E2027D6F000A2BA5E /* Release */ = {
			isa = XCBuildConfiguration;
			baseConfigurationReference = B035FF8920E05C47855083E8 /* Pods-Main_Project.release.xcconfig */;
			buildSettings = {
				ASSETCATALOG_COMPILER_APPICON_NAME = AppIcon;
				CLANG_ENABLE_MODULES = YES;
				CODE_SIGN_STYLE = Automatic;
				DEVELOPMENT_TEAM = GWQ66CV52L;
				FRAMEWORK_SEARCH_PATHS = (
					"$(inherited)",
					"$(PROJECT_DIR)",
				);
				INFOPLIST_FILE = Main_Project/Info.plist;
				IPHONEOS_DEPLOYMENT_TARGET = 10.0;
				LD_RUNPATH_SEARCH_PATHS = "$(inherited) @executable_path/Frameworks";
				PRODUCT_BUNDLE_IDENTIFIER = com.fischwil.Qdemo1;
				PRODUCT_NAME = "$(TARGET_NAME)";
				SWIFT_OBJC_BRIDGING_HEADER = "Main_Project/Controller/Main_Project-Bridging-Header.h";
				SWIFT_VERSION = 4.0;
				TARGETED_DEVICE_FAMILY = 2;
			};
			name = Release;
		};
/* End XCBuildConfiguration section */

/* Begin XCConfigurationList section */
		B2ABC4452027D6F000A2BA5E /* Build configuration list for PBXProject "Main_Project" */ = {
			isa = XCConfigurationList;
			buildConfigurations = (
				B2ABC45A2027D6F000A2BA5E /* Debug */,
				B2ABC45B2027D6F000A2BA5E /* Release */,
			);
			defaultConfigurationIsVisible = 0;
			defaultConfigurationName = Release;
		};
		B2ABC45C2027D6F000A2BA5E /* Build configuration list for PBXNativeTarget "Main_Project" */ = {
			isa = XCConfigurationList;
			buildConfigurations = (
				B2ABC45D2027D6F000A2BA5E /* Debug */,
				B2ABC45E2027D6F000A2BA5E /* Release */,
			);
			defaultConfigurationIsVisible = 0;
			defaultConfigurationName = Release;
		};
/* End XCConfigurationList section */
	};
	rootObject = B2ABC4422027D6F000A2BA5E /* Project object */;
}
